
Microsoft Visual Studio Solution File, Format Version 12.00
# Visual Studio Version 17
VisualStudioVersion = 17.5.33516.290
MinimumVisualStudioVersion = 10.0.40219.1
Project("{54A90642-561A-4BB1-A94E-469ADEE60C69}") = "Przychodnia.Vueapp", "vueapp\Przychodnia.Vueapp.esproj", "{3FCE9483-3AD3-4C6F-A8F2-5139B5399951}"
EndProject
Project("{9A19103F-16F7-4668-BE54-9A1E7A4F7556}") = "Przychodnia.Webapi", "webapi\Przychodnia.Webapi.csproj", "{3705CF92-3586-4F53-858A-3BC51A65042D}"
EndProject
Project("{FAE04EC0-301F-11D3-BF4B-00C04F79EFBC}") = "Przychodnia.Shared", "przychodnia.shared\Przychodnia.Shared.csproj", "{7742D6BD-4B67-4764-9D86-5F9D8B829D05}"
EndProject
Global
	GlobalSection(SolutionConfigurationPlatforms) = preSolution
		Debug|Any CPU = Debug|Any CPU
		Release|Any CPU = Release|Any CPU
	EndGlobalSection
	GlobalSection(ProjectConfigurationPlatforms) = postSolution
		{3FCE9483-3AD3-4C6F-A8F2-5139B5399951}.Debug|Any CPU.ActiveCfg = Debug|Any CPU
		{3FCE9483-3AD3-4C6F-A8F2-5139B5399951}.Debug|Any CPU.Build.0 = Debug|Any CPU
		{3FCE9483-3AD3-4C6F-A8F2-5139B5399951}.Debug|Any CPU.Deploy.0 = Debug|Any CPU
		{3FCE9483-3AD3-4C6F-A8F2-5139B5399951}.Release|Any CPU.ActiveCfg = Release|Any CPU
		{3FCE9483-3AD3-4C6F-A8F2-5139B5399951}.Release|Any CPU.Build.0 = Release|Any CPU
		{3FCE9483-3AD3-4C6F-A8F2-5139B5399951}.Release|Any CPU.Deploy.0 = Release|Any CPU
		{3705CF92-3586-4F53-858A-3BC51A65042D}.Debug|Any CPU.ActiveCfg = Debug|Any CPU
		{3705CF92-3586-4F53-858A-3BC51A65042D}.Debug|Any CPU.Build.0 = Debug|Any CPU
		{3705CF92-3586-4F53-858A-3BC51A65042D}.Release|Any CPU.ActiveCfg = Release|Any CPU
		{3705CF92-3586-4F53-858A-3BC51A65042D}.Release|Any CPU.Build.0 = Release|Any CPU
		{7742D6BD-4B67-4764-9D86-5F9D8B829D05}.Debug|Any CPU.ActiveCfg = Debug|Any CPU
		{7742D6BD-4B67-4764-9D86-5F9D8B829D05}.Debug|Any CPU.Build.0 = Debug|Any CPU
		{7742D6BD-4B67-4764-9D86-5F9D8B829D05}.Release|Any CPU.ActiveCfg = Release|Any CPU
		{7742D6BD-4B67-4764-9D86-5F9D8B829D05}.Release|Any CPU.Build.0 = Release|Any CPU
	EndGlobalSection
	GlobalSection(SolutionProperties) = preSolution
		HideSolutionNode = FALSE
	EndGlobalSection
	GlobalSection(ExtensibilityGlobals) = postSolution
		SolutionGuid = {34F6F593-7ED7-4683-986F-4E2F2E7F8850}
	EndGlobalSection
EndGlobal
